PODS:
  - PXInfiniteScrollView (0.2.0)

DEPENDENCIES:
  - PXInfiniteScrollView (from `../`)

EXTERNAL SOURCES:
  PXInfiniteScrollView:
    :path: "../"

SPEC CHECKSUMS:
  PXInfiniteScrollView: 32552cdd3f0ffb62db6e0acdd9259c9872d34076

PODFILE CHECKSUM: 5210ec298f3f1268e01e676f9030b14c6a2de2db

COCOAPODS: 1.2.0
